
Microsoft Visual Studio Solution File, Format Version 12.00
# Visual Studio 15
VisualStudioVersion = 15.0.28010.2003
MinimumVisualStudioVersion = 10.0.40219.1
Project("{FAE04EC0-301F-11D3-BF4B-00C04F79EFBC}") = "BlackQueen", "BlackQueen\BlackQueen.csproj", "{E225618B-E29E-4C6F-86BF-BAE4844C280C}"
EndProject
Project("{FAE04EC0-301F-11D3-BF4B-00C04F79EFBC}") = "DeckOfCards", "DeckOfCards\DeckOfCards.csproj", "{43A07F87-4E5D-4966-8472-849F5C35D804}"
EndProject
Global
	GlobalSection(SolutionConfigurationPlatforms) = preSolution
		Debug|Any CPU = Debug|Any CPU
		Release|Any CPU = Release|Any CPU
	EndGlobalSection
	GlobalSection(ProjectConfigurationPlatforms) = postSolution
		{E225618B-E29E-4C6F-86BF-BAE4844C280C}.Debug|Any CPU.ActiveCfg = Debug|Any CPU
		{E225618B-E29E-4C6F-86BF-BAE4844C280C}.Debug|Any CPU.Build.0 = Debug|Any CPU
		{E225618B-E29E-4C6F-86BF-BAE4844C280C}.Release|Any CPU.ActiveCfg = Release|Any CPU
		{E225618B-E29E-4C6F-86BF-BAE4844C280C}.Release|Any CPU.Build.0 = Release|Any CPU
		{43A07F87-4E5D-4966-8472-849F5C35D804}.Debug|Any CPU.ActiveCfg = Debug|Any CPU
		{43A07F87-4E5D-4966-8472-849F5C35D804}.Debug|Any CPU.Build.0 = Debug|Any CPU
		{43A07F87-4E5D-4966-8472-849F5C35D804}.Release|Any CPU.ActiveCfg = Release|Any CPU
		{43A07F87-4E5D-4966-8472-849F5C35D804}.Release|Any CPU.Build.0 = Release|Any CPU
	EndGlobalSection
	GlobalSection(SolutionProperties) = preSolution
		HideSolutionNode = FALSE
	EndGlobalSection
	GlobalSection(ExtensibilityGlobals) = postSolution
		SolutionGuid = {B640EB81-360A-4DDD-AECB-80B1963B041D}
	EndGlobalSection
EndGlobal
